version = 1
revision = 3
requires-python = ">=3.10"
resolution-markers = [
    "python_full_version >= '3.12' and sys_platform == 'darwin'",
    "python_full_version >= '3.12' and platform_machine == 'aarch64' and sys_platform == 'linux'",
    "python_full_version >= '3.12' and sys_platform == 'win32'",
    "(python_full_version >= '3.12' and platform_machine != 'aarch64' and sys_platform == 'linux') or (python_full_version >= '3.12' and sys_platform != 'darwin' and sys_platform != 'linux' and sys_platform != 'win32')",
    "python_full_version == '3.11.*' and sys_platform == 'darwin'",
    "python_full_version == '3.11.*' and platform_machine == 'aarch64' and sys_platform == 'linux'",
    "python_full_version == '3.11.*' and sys_platform == 'win32'",
    "(python_full_version == '3.11.*' and platform_machine != 'aarch64' and sys_platform == 'linux') or (python_full_version == '3.11.*' and sys_platform != 'darwin' and sys_platform != 'linux' and sys_platform != 'win32')",
    "python_full_version < '3.11' and sys_platform == 'darwin'",
    "python_full_version < '3.11' and platform_machine == 'aarch64' and sys_platform == 'linux'",
    "python_full_version < '3.11' and sys_platform == 'win32'",
    "(python_full_version < '3.11' and platform_machine != 'aarch64' and sys_platform == 'linux') or (python_full_version < '3.11' and sys_platform != 'darwin' and sys_platform != 'linux' and sys_platform != 'win32')",
]

[[package]]
name = "code"
version = "0.1.0"
source = { virtual = "." }

[package.optional-dependencies]
audio = [
    { name = "simpleaudio" },
]

[package.metadata]
requires-dist = [{ name = "simpleaudio", marker = "extra == 'audio'", specifier = ">=1.0.4" }]
provides-extras = ["audio"]

[[package]]
name = "simpleaudio"
version = "1.0.4"
source = { registry = "https://pypi.org/simple" }
sdist = { url = "https://files.pythonhosted.org/packages/94/1b/4dc29653733202b68c09d9c6ca085cf67ac54859ee860647ef21ac1ff3dc/simpleaudio-1.0.4.tar.gz", hash = "sha256:691c88649243544db717e7edf6a9831df112104e1aefb5f6038a5d071e8cf41d", size = 2042564, upload-time = "2019-11-29T03:56:28.965Z" }
